
Microsoft Visual Studio Solution File, Format Version 12.00
# Visual Studio Version 16
VisualStudioVersion = 16.0.31019.35
MinimumVisualStudioVersion = 10.0.40219.1
Project("{FAE04EC0-301F-11D3-BF4B-00C04F79EFBC}") = "Calculator", "Calculator\Calculator.csproj", "{FC419211-EC9A-4DB6-B766-827BAB22DD17}"
EndProject
Global
	GlobalSection(SolutionConfigurationPlatforms) = preSolution
		Debug|Any CPU = Debug|Any CPU
		Release|Any CPU = Release|Any CPU
	EndGlobalSection
	GlobalSection(ProjectConfigurationPlatforms) = postSolution
		{FC419211-EC9A-4DB6-B766-827BAB22DD17}.Debug|Any CPU.ActiveCfg = Debug|Any CPU
		{FC419211-EC9A-4DB6-B766-827BAB22DD17}.Debug|Any CPU.Build.0 = Debug|Any CPU
		{FC419211-EC9A-4DB6-B766-827BAB22DD17}.Release|Any CPU.ActiveCfg = Release|Any CPU
		{FC419211-EC9A-4DB6-B766-827BAB22DD17}.Release|Any CPU.Build.0 = Release|Any CPU
	EndGlobalSection
	GlobalSection(SolutionProperties) = preSolution
		HideSolutionNode = FALSE
	EndGlobalSection
	GlobalSection(ExtensibilityGlobals) = postSolution
		SolutionGuid = {C7463BE1-4B7D-44B8-9978-CA578EB5A3B2}
	EndGlobalSection
EndGlobal
