
Microsoft Visual Studio Solution File, Format Version 12.00
# Visual Studio Version 16
VisualStudioVersion = 16.0.31019.35
MinimumVisualStudioVersion = 10.0.40219.1
Project("{FAE04EC0-301F-11D3-BF4B-00C04F79EFBC}") = "Program_1", "Program_1\Program_1.csproj", "{C4117405-1D75-4E14-AC8C-2FCDE9E5F9C9}"
EndProject
Project("{FAE04EC0-301F-11D3-BF4B-00C04F79EFBC}") = "Program_2", "Program_2\Program_2.csproj", "{EB8A3EAB-D127-4E37-957B-97A926EBC5D0}"
EndProject
Project("{FAE04EC0-301F-11D3-BF4B-00C04F79EFBC}") = "Program_3", "Program_3\Program_3.csproj", "{27BF1372-24B9-4AED-9434-E48A737662E5}"
EndProject
Project("{FAE04EC0-301F-11D3-BF4B-00C04F79EFBC}") = "Program_4", "Program_4\Program_4.csproj", "{C7536D35-EA04-42CA-ADE2-5860018C6107}"
EndProject
Global
	GlobalSection(SolutionConfigurationPlatforms) = preSolution
		Debug|Any CPU = Debug|Any CPU
		Release|Any CPU = Release|Any CPU
	EndGlobalSection
	GlobalSection(ProjectConfigurationPlatforms) = postSolution
		{C4117405-1D75-4E14-AC8C-2FCDE9E5F9C9}.Debug|Any CPU.ActiveCfg = Debug|Any CPU
		{C4117405-1D75-4E14-AC8C-2FCDE9E5F9C9}.Debug|Any CPU.Build.0 = Debug|Any CPU
		{C4117405-1D75-4E14-AC8C-2FCDE9E5F9C9}.Release|Any CPU.ActiveCfg = Release|Any CPU
		{C4117405-1D75-4E14-AC8C-2FCDE9E5F9C9}.Release|Any CPU.Build.0 = Release|Any CPU
		{EB8A3EAB-D127-4E37-957B-97A926EBC5D0}.Debug|Any CPU.ActiveCfg = Debug|Any CPU
		{EB8A3EAB-D127-4E37-957B-97A926EBC5D0}.Debug|Any CPU.Build.0 = Debug|Any CPU
		{EB8A3EAB-D127-4E37-957B-97A926EBC5D0}.Release|Any CPU.ActiveCfg = Release|Any CPU
		{EB8A3EAB-D127-4E37-957B-97A926EBC5D0}.Release|Any CPU.Build.0 = Release|Any CPU
		{27BF1372-24B9-4AED-9434-E48A737662E5}.Debug|Any CPU.ActiveCfg = Debug|Any CPU
		{27BF1372-24B9-4AED-9434-E48A737662E5}.Debug|Any CPU.Build.0 = Debug|Any CPU
		{27BF1372-24B9-4AED-9434-E48A737662E5}.Release|Any CPU.ActiveCfg = Release|Any CPU
		{27BF1372-24B9-4AED-9434-E48A737662E5}.Release|Any CPU.Build.0 = Release|Any CPU
		{C7536D35-EA04-42CA-ADE2-5860018C6107}.Debug|Any CPU.ActiveCfg = Debug|Any CPU
		{C7536D35-EA04-42CA-ADE2-5860018C6107}.Debug|Any CPU.Build.0 = Debug|Any CPU
		{C7536D35-EA04-42CA-ADE2-5860018C6107}.Release|Any CPU.ActiveCfg = Release|Any CPU
		{C7536D35-EA04-42CA-ADE2-5860018C6107}.Release|Any CPU.Build.0 = Release|Any CPU
	EndGlobalSection
	GlobalSection(SolutionProperties) = preSolution
		HideSolutionNode = FALSE
	EndGlobalSection
	GlobalSection(ExtensibilityGlobals) = postSolution
		SolutionGuid = {919F1D78-1758-4E38-9F8E-4233278B03D5}
	EndGlobalSection
EndGlobal
