
Microsoft Visual Studio Solution File, Format Version 12.00
# Visual Studio Version 16
VisualStudioVersion = 16.0.31019.35
MinimumVisualStudioVersion = 10.0.40219.1
Project("{9A19103F-16F7-4668-BE54-9A1E7A4F7556}") = "MyDLL", "..\MyDLL\MyDLL\MyDLL.csproj", "{97AFAE69-810D-4AD9-8D15-85DBF82B371E}"
EndProject
Project("{FAE04EC0-301F-11D3-BF4B-00C04F79EFBC}") = "MyEXE", "..\MyEXE\MyEXE\MyEXE.csproj", "{07D3676C-CC89-4501-9DE3-9D81D863ED3E}"
EndProject
Global
	GlobalSection(SolutionConfigurationPlatforms) = preSolution
		Debug|Any CPU = Debug|Any CPU
		Release|Any CPU = Release|Any CPU
	EndGlobalSection
	GlobalSection(ProjectConfigurationPlatforms) = postSolution
		{97AFAE69-810D-4AD9-8D15-85DBF82B371E}.Debug|Any CPU.ActiveCfg = Debug|Any CPU
		{97AFAE69-810D-4AD9-8D15-85DBF82B371E}.Debug|Any CPU.Build.0 = Debug|Any CPU
		{97AFAE69-810D-4AD9-8D15-85DBF82B371E}.Release|Any CPU.ActiveCfg = Release|Any CPU
		{97AFAE69-810D-4AD9-8D15-85DBF82B371E}.Release|Any CPU.Build.0 = Release|Any CPU
		{07D3676C-CC89-4501-9DE3-9D81D863ED3E}.Debug|Any CPU.ActiveCfg = Debug|Any CPU
		{07D3676C-CC89-4501-9DE3-9D81D863ED3E}.Debug|Any CPU.Build.0 = Debug|Any CPU
		{07D3676C-CC89-4501-9DE3-9D81D863ED3E}.Release|Any CPU.ActiveCfg = Release|Any CPU
		{07D3676C-CC89-4501-9DE3-9D81D863ED3E}.Release|Any CPU.Build.0 = Release|Any CPU
	EndGlobalSection
	GlobalSection(SolutionProperties) = preSolution
		HideSolutionNode = FALSE
	EndGlobalSection
	GlobalSection(ExtensibilityGlobals) = postSolution
		SolutionGuid = {A7A96881-194B-4BC3-81F7-6FAF03907728}
	EndGlobalSection
EndGlobal
