
Microsoft Visual Studio Solution File, Format Version 12.00
# Visual Studio Version 16
VisualStudioVersion = 16.0.30104.148
MinimumVisualStudioVersion = 10.0.40219.1
Project("{FAE04EC0-301F-11D3-BF4B-00C04F79EFBC}") = "EX01a_TestFFT", "EX01a_TestFFT\EX01a_TestFFT.csproj", "{4C0DFD1E-F2F3-4009-B382-65B7D4A9281F}"
EndProject
Project("{FAE04EC0-301F-11D3-BF4B-00C04F79EFBC}") = "EX02_TestFilter", "EX02_TestFilter\EX02_TestFilter.csproj", "{21893895-A00D-42C5-986A-C51528CD6AC6}"
EndProject
Global
	GlobalSection(SolutionConfigurationPlatforms) = preSolution
		Debug|Any CPU = Debug|Any CPU
		Release|Any CPU = Release|Any CPU
	EndGlobalSection
	GlobalSection(ProjectConfigurationPlatforms) = postSolution
		{4C0DFD1E-F2F3-4009-B382-65B7D4A9281F}.Debug|Any CPU.ActiveCfg = Debug|Any CPU
		{4C0DFD1E-F2F3-4009-B382-65B7D4A9281F}.Debug|Any CPU.Build.0 = Debug|Any CPU
		{4C0DFD1E-F2F3-4009-B382-65B7D4A9281F}.Release|Any CPU.ActiveCfg = Release|Any CPU
		{4C0DFD1E-F2F3-4009-B382-65B7D4A9281F}.Release|Any CPU.Build.0 = Release|Any CPU
		{21893895-A00D-42C5-986A-C51528CD6AC6}.Debug|Any CPU.ActiveCfg = Debug|Any CPU
		{21893895-A00D-42C5-986A-C51528CD6AC6}.Debug|Any CPU.Build.0 = Debug|Any CPU
		{21893895-A00D-42C5-986A-C51528CD6AC6}.Release|Any CPU.ActiveCfg = Release|Any CPU
		{21893895-A00D-42C5-986A-C51528CD6AC6}.Release|Any CPU.Build.0 = Release|Any CPU
	EndGlobalSection
	GlobalSection(SolutionProperties) = preSolution
		HideSolutionNode = FALSE
	EndGlobalSection
	GlobalSection(ExtensibilityGlobals) = postSolution
		SolutionGuid = {40AB2F5A-6EF4-463C-A7ED-E2691E62389D}
	EndGlobalSection
EndGlobal
